
Microsoft Visual Studio Solution File, Format Version 12.00
# Visual Studio Version 16
VisualStudioVersion = 16.0.29215.179
MinimumVisualStudioVersion = 10.0.40219.1
Project("{8BC9CEB8-8B4A-11D0-8D11-00A0C91BC942}") = "a_1", "a_1\a_1.vcxproj", "{F2CF621E-C6DE-4165-9AA7-CDEB5D1EA4B0}"
EndProject
Project("{8BC9CEB8-8B4A-11D0-8D11-00A0C91BC942}") = "a_2", "a_2\a_2.vcxproj", "{F4B7DB98-F55E-4846-B2FA-B69BC4F4D03D}"
EndProject
Project("{8BC9CEB8-8B4A-11D0-8D11-00A0C91BC942}") = "a_3", "a_3\a_3.vcxproj", "{957A7642-C859-4A2C-BED9-5C4F4A5BBEB8}"
EndProject
Project("{8BC9CEB8-8B4A-11D0-8D11-00A0C91BC942}") = "a_4", "a_4\a_4.vcxproj", "{5406B390-1D13-44C8-AF09-9111BDE99A82}"
EndProject
Project("{8BC9CEB8-8B4A-11D0-8D11-00A0C91BC942}") = "a_5", "a_5\a_5.vcxproj", "{D2926A35-AEBD-4469-93E4-1C22740C293B}"
EndProject
Project("{8BC9CEB8-8B4A-11D0-8D11-00A0C91BC942}") = "a_6", "a_6\a_6.vcxproj", "{CCA7BF83-660B-4D17-9368-3CEC24775FA4}"
EndProject
Project("{8BC9CEB8-8B4A-11D0-8D11-00A0C91BC942}") = "b_1", "b_1\b_1.vcxproj", "{C9802223-02DD-4A96-994F-E84B9B3A2E63}"
EndProject
Project("{8BC9CEB8-8B4A-11D0-8D11-00A0C91BC942}") = "b_2", "b_2\b_2.vcxproj", "{9276D7A6-4558-405D-BD9D-F76DD5D3FDE0}"
EndProject
Project("{8BC9CEB8-8B4A-11D0-8D11-00A0C91BC942}") = "b_3", "b_3\b_3.vcxproj", "{B6779F1A-90B6-46B0-B7B0-49402CDC12CA}"
EndProject
Project("{8BC9CEB8-8B4A-11D0-8D11-00A0C91BC942}") = "b_4", "b_4\b_4.vcxproj", "{B8644A7C-5DBC-45BE-B362-36102ED6F996}"
EndProject
Project("{8BC9CEB8-8B4A-11D0-8D11-00A0C91BC942}") = "b_5", "b_5\b_5.vcxproj", "{68E4E05C-DA33-4F9F-9B35-B117D9EF698A}"
EndProject
Project("{8BC9CEB8-8B4A-11D0-8D11-00A0C91BC942}") = "b_6", "b_6\b_6.vcxproj", "{5CDD9B50-E15A-4F7E-9DAE-A3D1350B4C55}"
EndProject
Global
	GlobalSection(SolutionConfigurationPlatforms) = preSolution
		Debug|x64 = Debug|x64
		Debug|x86 = Debug|x86
		Release|x64 = Release|x64
		Release|x86 = Release|x86
	EndGlobalSection
	GlobalSection(ProjectConfigurationPlatforms) = postSolution
		{F2CF621E-C6DE-4165-9AA7-CDEB5D1EA4B0}.Debug|x64.ActiveCfg = Debug|x64
		{F2CF621E-C6DE-4165-9AA7-CDEB5D1EA4B0}.Debug|x64.Build.0 = Debug|x64
		{F2CF621E-C6DE-4165-9AA7-CDEB5D1EA4B0}.Debug|x86.ActiveCfg = Debug|Win32
		{F2CF621E-C6DE-4165-9AA7-CDEB5D1EA4B0}.Debug|x86.Build.0 = Debug|Win32
		{F2CF621E-C6DE-4165-9AA7-CDEB5D1EA4B0}.Release|x64.ActiveCfg = Release|x64
		{F2CF621E-C6DE-4165-9AA7-CDEB5D1EA4B0}.Release|x64.Build.0 = Release|x64
		{F2CF621E-C6DE-4165-9AA7-CDEB5D1EA4B0}.Release|x86.ActiveCfg = Release|Win32
		{F2CF621E-C6DE-4165-9AA7-CDEB5D1EA4B0}.Release|x86.Build.0 = Release|Win32
		{F4B7DB98-F55E-4846-B2FA-B69BC4F4D03D}.Debug|x64.ActiveCfg = Debug|x64
		{F4B7DB98-F55E-4846-B2FA-B69BC4F4D03D}.Debug|x64.Build.0 = Debug|x64
		{F4B7DB98-F55E-4846-B2FA-B69BC4F4D03D}.Debug|x86.ActiveCfg = Debug|Win32
		{F4B7DB98-F55E-4846-B2FA-B69BC4F4D03D}.Debug|x86.Build.0 = Debug|Win32
		{F4B7DB98-F55E-4846-B2FA-B69BC4F4D03D}.Release|x64.ActiveCfg = Release|x64
		{F4B7DB98-F55E-4846-B2FA-B69BC4F4D03D}.Release|x64.Build.0 = Release|x64
		{F4B7DB98-F55E-4846-B2FA-B69BC4F4D03D}.Release|x86.ActiveCfg = Release|Win32
		{F4B7DB98-F55E-4846-B2FA-B69BC4F4D03D}.Release|x86.Build.0 = Release|Win32
		{957A7642-C859-4A2C-BED9-5C4F4A5BBEB8}.Debug|x64.ActiveCfg = Debug|x64
		{957A7642-C859-4A2C-BED9-5C4F4A5BBEB8}.Debug|x64.Build.0 = Debug|x64
		{957A7642-C859-4A2C-BED9-5C4F4A5BBEB8}.Debug|x86.ActiveCfg = Debug|Win32
		{957A7642-C859-4A2C-BED9-5C4F4A5BBEB8}.Debug|x86.Build.0 = Debug|Win32
		{957A7642-C859-4A2C-BED9-5C4F4A5BBEB8}.Release|x64.ActiveCfg = Release|x64
		{957A7642-C859-4A2C-BED9-5C4F4A5BBEB8}.Release|x64.Build.0 = Release|x64
		{957A7642-C859-4A2C-BED9-5C4F4A5BBEB8}.Release|x86.ActiveCfg = Release|Win32
		{957A7642-C859-4A2C-BED9-5C4F4A5BBEB8}.Release|x86.Build.0 = Release|Win32
		{5406B390-1D13-44C8-AF09-9111BDE99A82}.Debug|x64.ActiveCfg = Debug|x64
		{5406B390-1D13-44C8-AF09-9111BDE99A82}.Debug|x64.Build.0 = Debug|x64
		{5406B390-1D13-44C8-AF09-9111BDE99A82}.Debug|x86.ActiveCfg = Debug|Win32
		{5406B390-1D13-44C8-AF09-9111BDE99A82}.Debug|x86.Build.0 = Debug|Win32
		{5406B390-1D13-44C8-AF09-9111BDE99A82}.Release|x64.ActiveCfg = Release|x64
		{5406B390-1D13-44C8-AF09-9111BDE99A82}.Release|x64.Build.0 = Release|x64
		{5406B390-1D13-44C8-AF09-9111BDE99A82}.Release|x86.ActiveCfg = Release|Win32
		{5406B390-1D13-44C8-AF09-9111BDE99A82}.Release|x86.Build.0 = Release|Win32
		{D2926A35-AEBD-4469-93E4-1C22740C293B}.Debug|x64.ActiveCfg = Debug|x64
		{D2926A35-AEBD-4469-93E4-1C22740C293B}.Debug|x64.Build.0 = Debug|x64
		{D2926A35-AEBD-4469-93E4-1C22740C293B}.Debug|x86.ActiveCfg = Debug|Win32
		{D2926A35-AEBD-4469-93E4-1C22740C293B}.Debug|x86.Build.0 = Debug|Win32
		{D2926A35-AEBD-4469-93E4-1C22740C293B}.Release|x64.ActiveCfg = Release|x64
		{D2926A35-AEBD-4469-93E4-1C22740C293B}.Release|x64.Build.0 = Release|x64
		{D2926A35-AEBD-4469-93E4-1C22740C293B}.Release|x86.ActiveCfg = Release|Win32
		{D2926A35-AEBD-4469-93E4-1C22740C293B}.Release|x86.Build.0 = Release|Win32
		{CCA7BF83-660B-4D17-9368-3CEC24775FA4}.Debug|x64.ActiveCfg = Debug|x64
		{CCA7BF83-660B-4D17-9368-3CEC24775FA4}.Debug|x64.Build.0 = Debug|x64
		{CCA7BF83-660B-4D17-9368-3CEC24775FA4}.Debug|x86.ActiveCfg = Debug|Win32
		{CCA7BF83-660B-4D17-9368-3CEC24775FA4}.Debug|x86.Build.0 = Debug|Win32
		{CCA7BF83-660B-4D17-9368-3CEC24775FA4}.Release|x64.ActiveCfg = Release|x64
		{CCA7BF83-660B-4D17-9368-3CEC24775FA4}.Release|x64.Build.0 = Release|x64
		{CCA7BF83-660B-4D17-9368-3CEC24775FA4}.Release|x86.ActiveCfg = Release|Win32
		{CCA7BF83-660B-4D17-9368-3CEC24775FA4}.Release|x86.Build.0 = Release|Win32
		{C9802223-02DD-4A96-994F-E84B9B3A2E63}.Debug|x64.ActiveCfg = Debug|x64
		{C9802223-02DD-4A96-994F-E84B9B3A2E63}.Debug|x64.Build.0 = Debug|x64
		{C9802223-02DD-4A96-994F-E84B9B3A2E63}.Debug|x86.ActiveCfg = Debug|Win32
		{C9802223-02DD-4A96-994F-E84B9B3A2E63}.Debug|x86.Build.0 = Debug|Win32
		{C9802223-02DD-4A96-994F-E84B9B3A2E63}.Release|x64.ActiveCfg = Release|x64
		{C9802223-02DD-4A96-994F-E84B9B3A2E63}.Release|x64.Build.0 = Release|x64
		{C9802223-02DD-4A96-994F-E84B9B3A2E63}.Release|x86.ActiveCfg = Release|Win32
		{C9802223-02DD-4A96-994F-E84B9B3A2E63}.Release|x86.Build.0 = Release|Win32
		{9276D7A6-4558-405D-BD9D-F76DD5D3FDE0}.Debug|x64.ActiveCfg = Debug|x64
		{9276D7A6-4558-405D-BD9D-F76DD5D3FDE0}.Debug|x64.Build.0 = Debug|x64
		{9276D7A6-4558-405D-BD9D-F76DD5D3FDE0}.Debug|x86.ActiveCfg = Debug|Win32
		{9276D7A6-4558-405D-BD9D-F76DD5D3FDE0}.Debug|x86.Build.0 = Debug|Win32
		{9276D7A6-4558-405D-BD9D-F76DD5D3FDE0}.Release|x64.ActiveCfg = Release|x64
		{9276D7A6-4558-405D-BD9D-F76DD5D3FDE0}.Release|x64.Build.0 = Release|x64
		{9276D7A6-4558-405D-BD9D-F76DD5D3FDE0}.Release|x86.ActiveCfg = Release|Win32
		{9276D7A6-4558-405D-BD9D-F76DD5D3FDE0}.Release|x86.Build.0 = Release|Win32
		{B6779F1A-90B6-46B0-B7B0-49402CDC12CA}.Debug|x64.ActiveCfg = Debug|x64
		{B6779F1A-90B6-46B0-B7B0-49402CDC12CA}.Debug|x64.Build.0 = Debug|x64
		{B6779F1A-90B6-46B0-B7B0-49402CDC12CA}.Debug|x86.ActiveCfg = Debug|Win32
		{B6779F1A-90B6-46B0-B7B0-49402CDC12CA}.Debug|x86.Build.0 = Debug|Win32
		{B6779F1A-90B6-46B0-B7B0-49402CDC12CA}.Release|x64.ActiveCfg = Release|x64
		{B6779F1A-90B6-46B0-B7B0-49402CDC12CA}.Release|x64.Build.0 = Release|x64
		{B6779F1A-90B6-46B0-B7B0-49402CDC12CA}.Release|x86.ActiveCfg = Release|Win32
		{B6779F1A-90B6-46B0-B7B0-49402CDC12CA}.Release|x86.Build.0 = Release|Win32
		{B8644A7C-5DBC-45BE-B362-36102ED6F996}.Debug|x64.ActiveCfg = Debug|x64
		{B8644A7C-5DBC-45BE-B362-36102ED6F996}.Debug|x64.Build.0 = Debug|x64
		{B8644A7C-5DBC-45BE-B362-36102ED6F996}.Debug|x86.ActiveCfg = Debug|Win32
		{B8644A7C-5DBC-45BE-B362-36102ED6F996}.Debug|x86.Build.0 = Debug|Win32
		{B8644A7C-5DBC-45BE-B362-36102ED6F996}.Release|x64.ActiveCfg = Release|x64
		{B8644A7C-5DBC-45BE-B362-36102ED6F996}.Release|x64.Build.0 = Release|x64
		{B8644A7C-5DBC-45BE-B362-36102ED6F996}.Release|x86.ActiveCfg = Release|Win32
		{B8644A7C-5DBC-45BE-B362-36102ED6F996}.Release|x86.Build.0 = Release|Win32
		{68E4E05C-DA33-4F9F-9B35-B117D9EF698A}.Debug|x64.ActiveCfg = Debug|x64
		{68E4E05C-DA33-4F9F-9B35-B117D9EF698A}.Debug|x64.Build.0 = Debug|x64
		{68E4E05C-DA33-4F9F-9B35-B117D9EF698A}.Debug|x86.ActiveCfg = Debug|Win32
		{68E4E05C-DA33-4F9F-9B35-B117D9EF698A}.Debug|x86.Build.0 = Debug|Win32
		{68E4E05C-DA33-4F9F-9B35-B117D9EF698A}.Release|x64.ActiveCfg = Release|x64
		{68E4E05C-DA33-4F9F-9B35-B117D9EF698A}.Release|x64.Build.0 = Release|x64
		{68E4E05C-DA33-4F9F-9B35-B117D9EF698A}.Release|x86.ActiveCfg = Release|Win32
		{68E4E05C-DA33-4F9F-9B35-B117D9EF698A}.Release|x86.Build.0 = Release|Win32
		{5CDD9B50-E15A-4F7E-9DAE-A3D1350B4C55}.Debug|x64.ActiveCfg = Debug|x64
		{5CDD9B50-E15A-4F7E-9DAE-A3D1350B4C55}.Debug|x64.Build.0 = Debug|x64
		{5CDD9B50-E15A-4F7E-9DAE-A3D1350B4C55}.Debug|x86.ActiveCfg = Debug|Win32
		{5CDD9B50-E15A-4F7E-9DAE-A3D1350B4C55}.Debug|x86.Build.0 = Debug|Win32
		{5CDD9B50-E15A-4F7E-9DAE-A3D1350B4C55}.Release|x64.ActiveCfg = Release|x64
		{5CDD9B50-E15A-4F7E-9DAE-A3D1350B4C55}.Release|x64.Build.0 = Release|x64
		{5CDD9B50-E15A-4F7E-9DAE-A3D1350B4C55}.Release|x86.ActiveCfg = Release|Win32
		{5CDD9B50-E15A-4F7E-9DAE-A3D1350B4C55}.Release|x86.Build.0 = Release|Win32
	EndGlobalSection
	GlobalSection(SolutionProperties) = preSolution
		HideSolutionNode = FALSE
	EndGlobalSection
	GlobalSection(ExtensibilityGlobals) = postSolution
		SolutionGuid = {208A6207-F7CB-4A35-8FFA-A20E6D663553}
	EndGlobalSection
EndGlobal
